<?xml version="1.0" encoding="utf-8"?>
<Project ToolsVersion="4.0" xmlns="http://schemas.microsoft.com/developer/msbuild/2003">
  <ItemGroup>
    <Filter Include="Source Files">
      <UniqueIdentifier>{4FC737F1-C7A5-4376-A066-2A32D752A2FF}</UniqueIdentifier>
      <Extensions>cpp;c;cc;cxx;def;odl;idl;hpj;bat;asm;asmx</Extensions>
    </Filter>
    <Filter Include="Header Files">
      <UniqueIdentifier>{93995380-89BD-4b04-88EB-625FBE52EBFB}</UniqueIdentifier>
      <Extensions>h;hh;hpp;hxx;hm;inl;inc;xsd</Extensions>
    </Filter>
    <Filter Include="Resource Files">
      <UniqueIdentifier>{67DA6AB6-F800-4c08-8B7A-83BB121AAD01}</UniqueIdentifier>
      <Extensions>rc;ico;cur;bmp;dlg;rc2;rct;bin;rgs;gif;jpg;jpeg;jpe;resx;tiff;tif;png;wav;mfcribbon-ms</Extensions>
    </Filter>
    <Filter Include="Header Files\FontLibrary">
      <UniqueIdentifier>{c0425654-e153-4fbe-ac46-ccfd7b539d4f}</UniqueIdentifier>
    </Filter>
    <Filter Include="Source Files\FontLibrary">
      <UniqueIdentifier>{9bbc736a-3c86-482b-8b14-499690d38ae0}</UniqueIdentifier>
    </Filter>
    <Filter Include="Header Files\lodepng">
      <UniqueIdentifier>{8d14e24f-8505-46db-ac18-ce32d6d707e8}</UniqueIdentifier>
    </Filter>
    <Filter Include="Source Files\lodepng">
      <UniqueIdentifier>{e8798860-0e32-4eaf-8427-3b9eb47f907b}</UniqueIdentifier>
    </Filter>
  </ItemGroup>
  <ItemGroup>
    <ClInclude Include="glutcallbacks.h">
      <Filter>Header Files</Filter>
    </ClInclude>
    <ClInclude Include="HighPerformanceCounter.h">
      <Filter>Header Files</Filter>
    </ClInclude>
    <ClInclude Include="..\FontLibrary\Texture.h">
      <Filter>Header Files\FontLibrary</Filter>
    </ClInclude>
    <ClInclude Include="..\FontLibrary\Font.h">
      <Filter>Header Files\FontLibrary</Filter>
    </ClInclude>
    <ClInclude Include="..\FontLibrary\FontFileParser.h">
      <Filter>Header Files\FontLibrary</Filter>
    </ClInclude>
    <ClInclude Include="..\FontLibrary\FontLibrary.h">
      <Filter>Header Files\FontLibrary</Filter>
    </ClInclude>
    <ClInclude Include="..\FontLibrary\GLShaderProgram.h">
      <Filter>Header Files\FontLibrary</Filter>
    </ClInclude>
    <ClInclude Include="..\FontLibrary\Dependencies\Acutil\acutil_unicode.h">
      <Filter>Header Files\FontLibrary</Filter>
    </ClInclude>
    <ClInclude Include="..\FontLibrary\Dependencies\lodepng\lodepng.h">
      <Filter>Header Files\lodepng</Filter>
    </ClInclude>
  </ItemGroup>
  <ItemGroup>
    <ClCompile Include="demo-01.cpp">
      <Filter>Source Files</Filter>
    </ClCompile>
    <ClCompile Include="glutcallbacks.cpp">
      <Filter>Source Files</Filter>
    </ClCompile>
    <ClCompile Include="HighPerformanceCounter.cpp">
      <Filter>Source Files</Filter>
    </ClCompile>
    <ClCompile Include="..\FontLibrary\Texture.cpp">
      <Filter>Source Files\FontLibrary</Filter>
    </ClCompile>
    <ClCompile Include="..\FontLibrary\Font.cpp">
      <Filter>Source Files\FontLibrary</Filter>
    </ClCompile>
    <ClCompile Include="..\FontLibrary\FontFileParser.cpp">
      <Filter>Source Files\FontLibrary</Filter>
    </ClCompile>
    <ClCompile Include="..\FontLibrary\FontLibrary.cpp">
      <Filter>Source Files\FontLibrary</Filter>
    </ClCompile>
    <ClCompile Include="..\FontLibrary\GLShaderProgram.cpp">
      <Filter>Source Files\FontLibrary</Filter>
    </ClCompile>
    <ClCompile Include="..\FontLibrary\Dependencies\Acutil\acutil_unicode.cpp">
      <Filter>Source Files\FontLibrary</Filter>
    </ClCompile>
    <ClCompile Include="..\FontLibrary\Dependencies\lodepng\lodepng.cpp">
      <Filter>Source Files\lodepng</Filter>
    </ClCompile>
  </ItemGroup>
</Project>